dependencies:
- name: zot
  repository: http://zotregistry.dev/helm-charts
  version: 0.1.122
- name: oasf
  repository: oci://ghcr.io/agntcy/oasf/helm-charts
  version: v0.5.1
- name: postgresql
  repository: https://charts.bitnami.com/bitnami
  version: 18.8.1
digest: sha256:31b368ecd6d38699a58fd50517a1b7a6ca71b0bf1a7d8fe4c034c8fd7234581b
generated: "2026-08-05T00:35:00.918436028Z"
